// !$*UTF8*$!
{
	archiveVersion = 1;
	classes = {
	};
	objectVersion = 46;
	objects = {

/* Begin PBXBuildFile section */
		EA01D4981ED2557E007A7FBE /* AppDelegate.swift in Sources */ = {isa = PBXBuildFile; fileRef = EA01D4971ED2557E007A7FBE /* AppDelegate.swift */; };
		EA01D49A1ED2557E007A7FBE /* ViewController.swift in Sources */ = {isa = PBXBuildFile; fileRef = EA01D4991ED2557E007A7FBE /* ViewController.swift */; };
		EA01D49D1ED2557E007A7FBE /* Main.storyboard in Resources */ = {isa = PBXBuildFile; fileRef = EA01D49B1ED2557E007A7FBE /* Main.storyboard */; };
		EA01D49F1ED2557E007A7FBE /* Assets.xcassets in Resources */ = {isa = PBXBuildFile; fileRef = EA01D49E1ED2557E007A7FBE /* Assets.xcassets */; };
		EA01D4A21ED2557E007A7FBE /* LaunchScreen.storyboard in Resources */ = {isa = PBXBuildFile; fileRef = EA01D4A01ED2557E007A7FBE /* LaunchScreen.storyboard */; };
/* End PBXBuildFile section */

/* Begin PBXFileReference section */
		EA01D4941ED2557E007A7FBE /* SaveTheKittens.app */ = {isa = PBXFileReference; explicitFileType = wrapper.application; includeInIndex = 0; path = SaveTheKittens.app; sourceTree = BUILT_PRODUCTS_DIR; };
		EA01D4971ED2557E007A7FBE /* AppDelegate.swift */ = {isa = PBXFileReference; lastKnownFileType = sourcecode.swift; path = AppDelegate.swift; sourceTree = "<group>"; };
		EA01D4991ED2557E007A7FBE /* ViewController.swift */ = {isa = PBXFileReference; lastKnownFileType = sourcecode.swift; path = ViewController.swift; sourceTree = "<group>"; };
		EA01D49C1ED2557E007A7FBE /* Base */ = {isa = PBXFileReference; lastKnownFileType = file.storyboard; name = Base; path = Base.lproj/Main.storyboard; sourceTree = "<group>"; };
		EA01D49E1ED2557E007A7FBE /* Assets.xcassets */ = {isa = PBXFileReference; lastKnownFileType = folder.assetcatalog; path = Assets.xcassets; sourceTree = "<group>"; };
		EA01D4A11ED2557E007A7FBE /* Base */ = {isa = PBXFileReference; lastKnownFileType = file.storyboard; name = Base; path = Base.lproj/LaunchScreen.storyboard; sourceTree = "<group>"; };
		EA01D4A31ED2557E007A7FBE /* Info.plist */ = {isa = PBXFileReference; lastKnownFileType = text.plist.xml; path = Info.plist; sourceTree = "<group>"; };
/* End PBXFileReference section */

/* Begin PBXFrameworksBuildPhase section */
		EA01D4911ED2557E007A7FBE /* Frameworks */ = {
			isa = PBXFrameworksBuildPhase;
			buildActionMask = 2147483647;
			files = (
			);
			runOnlyForDeploymentPostprocessing = 0;
		};
/* End PBXFrameworksBuildPhase section */

/* Begin PBXGroup section */
		EA01D48B1ED2557E007A7FBE = {
			isa = PBXGroup;
			children = (
				EA01D4961ED2557E007A7FBE /* SaveTheKittens */,
				EA01D4951ED2557E007A7FBE /* Products */,
			);
			sourceTree = "<group>";
		};
		EA01D4951ED2557E007A7FBE /* Products */ = {
			isa = PBXGroup;
			children = (
				EA01D4941ED2557E007A7FBE /* SaveTheKittens.app */,
			);
			name = Products;
			sourceTree = "<group>";
		};
		EA01D4961ED2557E007A7FBE /* SaveTheKittens */ = {
			isa = PBXGroup;
			children = (
				EA01D4971ED2557E007A7FBE /* AppDelegate.swift */,
				EA01D4991ED2557E007A7FBE /* ViewController.swift */,
				EA01D49B1ED2557E007A7FBE /* Main.storyboard */,
				EA01D49E1ED2557E007A7FBE /* Assets.xcassets */,
				EA01D4A01ED2557E007A7FBE /* LaunchScreen.storyboard */,
				EA01D4A31ED2557E007A7FBE /* Info.plist */,
			);
			path = SaveTheKittens;
			sourceTree = "<group>";
		};
/* End PBXGroup section */

/* Begin PBXNativeTarget section */
		EA01D4931ED2557E007A7FBE /* SaveTheKittens */ = {
			isa = PBXNativeTarget;
			buildConfigurationList = EA01D4A61ED2557E007A7FBE /* Build configuration list for PBXNativeTarget "SaveTheKittens" */;
			buildPhases = (
				EA01D4901ED2557E007A7FBE /* Sources */,
				EA01D4911ED2557E007A7FBE /* Frameworks */,
				EA01D4921ED2557E007A7FBE /* Resources */,
			);
			buildRules = (
			);
			dependencies = (
			);
			name = SaveTheKittens;
			productName = SaveTheKittens;
			productReference = EA01D4941ED2557E007A7FBE /* SaveTheKittens.app */;
			productType = "com.apple.product-type.application";
		};
/* End PBXNativeTarget section */

/* Begin PBXProject section */
		EA01D48C1ED2557E007A7FBE /* Project object */ = {
			isa = PBXProject;
			attributes = {
				LastSwiftUpdateCheck = 0830;
				LastUpgradeCheck = 0830;
				ORGANIZATIONNAME = "Martin Skjold";
				TargetAttributes = {
					EA01D4931ED2557E007A7FBE = {
						CreatedOnToolsVersion = 8.3.2;
						ProvisioningStyle = Automatic;
					};
				};
			};
			buildConfigurationList = EA01D48F1ED2557E007A7FBE /* Build configuration list for PBXProject "SaveTheKittens" */;
			compatibilityVersion = "Xcode 3.2";
			developmentRegion = English;
			hasScannedForEncodings = 0;
			knownRegions = (
				en,
				Base,
			);
			mainGroup = EA01D48B1ED2557E007A7FBE;
			productRefGroup = EA01D4951ED2557E007A7FBE /* Products */;
			projectDirPath = "";
			projectRoot = "";
			targets = (
				EA01D4931ED2557E007A7FBE /* SaveTheKittens */,
			);
		};
/* End PBXProject section */

/* Begin PBXResourcesBuildPhase section */
		EA01D4921ED2557E007A7FBE /* Resources */ = {
			isa = PBXResourcesBuildPhase;
			buildActionMask = 2147483647;
			files = (
				EA01D4A21ED2557E007A7FBE /* LaunchScreen.storyboard in Resources */,
				EA01D49F1ED2557E007A7FBE /* Assets.xcassets in Resources */,
				EA01D49D1ED2557E007A7FBE /* Main.storyboard in Resources */,
			);
			runOnlyForDeploymentPostprocessing = 0;
		};
/* End PBXResourcesBuildPhase section */

/* Begin PBXSourcesBuildPhase section */
		EA01D4901ED2557E007A7FBE /* Sources */ = {
			isa = PBXSourcesBuildPhase;
			buildActionMask = 2147483647;
			files = (
				EA01D49A1ED2557E007A7FBE /* ViewController.swift in Sources */,
				EA01D4981ED2557E007A7FBE /* AppDelegate.swift in Sources */,
			);
			runOnlyForDeploymentPostprocessing = 0;
		};
/* End PBXSourcesBuildPhase section */

/* Begin PBXVariantGroup section */
		EA01D49B1ED2557E007A7FBE /* Main.storyboard */ = {
			isa = PBXVariantGroup;
			children = (
				EA01D49C1ED2557E007A7FBE /* Base */,
			);
			name = Main.storyboard;
			sourceTree = "<group>";
		};
		EA01D4A01ED2557E007A7FBE /* LaunchScreen.storyboard */ = {
			isa = PBXVariantGroup;
			children = (
				EA01D4A11ED2557E007A7FBE /* Base */,
			);
			name = LaunchScreen.storyboard;
			sourceTree = "<group>";
		};
/* End PBXVariantGroup section */

/* Begin XCBuildConfiguration section */
		EA01D4A41ED2557E007A7FBE /* Debug */ = {
			isa = XCBuildConfiguration;
			buildSettings = {
				ALWAYS_SEARCH_USER_PATHS = NO;
				CLANG_ANALYZER_NONNULL = YES;
				CLANG_ANALYZER_NUMBER_OBJECT_CONVERSION = YES_AGGRESSIVE;
				CLANG_CXX_LANGUAGE_STANDARD = "gnu++0x";
				CLANG_CXX_LIBRARY = "libc++";
				CLANG_ENABLE_MODULES = YES;
				CLANG_ENABLE_OBJC_ARC = YES;
				CLANG_WARN_BOOL_CONVERSION = YES;
				CLANG_WARN_CONSTANT_CONVERSION = YES;
				CLANG_WARN_DIRECT_OBJC_ISA_USAGE = YES_ERROR;
				CLANG_WARN_DOCUMENTATION_COMMENTS = YES;
				CLANG_WARN_EMPTY_BODY = YES;
				CLANG_WARN_ENUM_CONVERSION = YES;
				CLANG_WARN_INFINITE_RECURSION = YES;
				CLANG_WARN_INT_CONVERSION = YES;
				CLANG_WARN_OBJC_ROOT_CLASS = YES_ERROR;
				CLANG_WARN_SUSPICIOUS_MOVE = YES;
				CLANG_WARN_UNREACHABLE_CODE = YES;
				CLANG_WARN__DUPLICATE_METHOD_MATCH = YES;
				"CODE_SIGN_IDENTITY[sdk=iphoneos*]" = "iPhone Developer";
				COPY_PHASE_STRIP = NO;
				DEBUG_INFORMATION_FORMAT = dwarf;
				ENABLE_STRICT_OBJC_MSGSEND = YES;
				ENABLE_TESTABILITY = YES;
				GCC_C_LANGUAGE_STANDARD = gnu99;
				GCC_DYNAMIC_NO_PIC = NO;
				GCC_NO_COMMON_BLOCKS = YES;
				GCC_OPTIMIZATION_LEVEL = 0;
				GCC_PREPROCESSOR_DEFINITIONS = (
					"DEBUG=1",
					"$(inherited)",
				);
				GCC_WARN_64_TO_32_BIT_CONVERSION = YES;
				GCC_WARN_ABOUT_RETURN_TYPE = YES_ERROR;
				GCC_WARN_UNDECLARED_SELECTOR = YES;
				GCC_WARN_UNINITIALIZED_AUTOS = YES_AGGRESSIVE;
				GCC_WARN_UNUSED_FUNCTION = YES;
				GCC_WARN_UNUSED_VARIABLE = YES;
				IPHONEOS_DEPLOYMENT_TARGET = 10.3;
				MTL_ENABLE_DEBUG_INFO = YES;
				ONLY_ACTIVE_ARCH = YES;
				SDKROOT = iphoneos;
				SWIFT_ACTIVE_COMPILATION_CONDITIONS = DEBUG;
				SWIFT_OPTIMIZATION_LEVEL = "-Onone";
				TARGETED_DEVICE_FAMILY = "1,2";
			};
			name = Debug;
		};
		EA01D4A51ED2557E007A7FBE /* Release */ = {
			isa = XCBuildConfiguration;
			buildSettings = {
				ALWAYS_SEARCH_USER_PATHS = NO;
				CLANG_ANALYZER_NONNULL = YES;
				CLANG_ANALYZER_NUMBER_OBJECT_CONVERSION = YES_AGGRESSIVE;
				CLANG_CXX_LANGUAGE_STANDARD = "gnu++0x";
				CLANG_CXX_LIBRARY = "libc++";
				CLANG_ENABLE_MODULES = YES;
				CLANG_ENABLE_OBJC_ARC = YES;
				CLANG_WARN_BOOL_CONVERSION = YES;
				CLANG_WARN_CONSTANT_CONVERSION = YES;
				CLANG_WARN_DIRECT_OBJC_ISA_USAGE = YES_ERROR;
				CLANG_WARN_DOCUMENTATION_COMMENTS = YES;
				CLANG_WARN_EMPTY_BODY = YES;
				CLANG_WARN_ENUM_CONVERSION = YES;
				CLANG_WARN_INFINITE_RECURSION = YES;
				CLANG_WARN_INT_CONVERSION = YES;
				CLANG_WARN_OBJC_ROOT_CLASS = YES_ERROR;
				CLANG_WARN_SUSPICIOUS_MOVE = YES;
				CLANG_WARN_UNREACHABLE_CODE = YES;
				CLANG_WARN__DUPLICATE_METHOD_MATCH = YES;
				"CODE_SIGN_IDENTITY[sdk=iphoneos*]" = "iPhone Developer";
				COPY_PHASE_STRIP = NO;
				DEBUG_INFORMATION_FORMAT = "dwarf-with-dsym";
				ENABLE_NS_ASSERTIONS = NO;
				ENABLE_STRICT_OBJC_MSGSEND = YES;
				GCC_C_LANGUAGE_STANDARD = gnu99;
				GCC_NO_COMMON_BLOCKS = YES;
				GCC_WARN_64_TO_32_BIT_CONVERSION = YES;
				GCC_WARN_ABOUT_RETURN_TYPE = YES_ERROR;
				GCC_WARN_UNDECLARED_SELECTOR = YES;
				GCC_WARN_UNINITIALIZED_AUTOS = YES_AGGRESSIVE;
				GCC_WARN_UNUSED_FUNCTION = YES;
				GCC_WARN_UNUSED_VARIABLE = YES;
				IPHONEOS_DEPLOYMENT_TARGET = 10.3;
				MTL_ENABLE_DEBUG_INFO = NO;
				SDKROOT = iphoneos;
				SWIFT_OPTIMIZATION_LEVEL = "-Owholemodule";
				TARGETED_DEVICE_FAMILY = "1,2";
				VALIDATE_PRODUCT = YES;
			};
			name = Release;
		};
		EA01D4A71ED2557E007A7FBE /* Debug */ = {
			isa = XCBuildConfiguration;
			buildSettings = {
				ASSETCATALOG_COMPILER_APPICON_NAME = AppIcon;
				INFOPLIST_FILE = SaveTheKittens/Info.plist;
				LD_RUNPATH_SEARCH_PATHS = "$(inherited) @executable_path/Frameworks";
				PRODUCT_BUNDLE_IDENTIFIER = Skjold.SaveTheKittens;
				PRODUCT_NAME = "$(TARGET_NAME)";
				SWIFT_VERSION = 3.0;
			};
			name = Debug;
		};
		EA01D4A81ED2557E007A7FBE /* Release */ = {
			isa = XCBuildConfiguration;
			buildSettings = {
				ASSETCATALOG_COMPILER_APPICON_NAME = AppIcon;
				INFOPLIST_FILE = SaveTheKittens/Info.plist;
				LD_RUNPATH_SEARCH_PATHS = "$(inherited) @executable_path/Frameworks";
				PRODUCT_BUNDLE_IDENTIFIER = Skjold.SaveTheKittens;
				PRODUCT_NAME = "$(TARGET_NAME)";
				SWIFT_VERSION = 3.0;
			};
			name = Release;
		};
/* End XCBuildConfiguration section */

/* Begin XCConfigurationList section */
		EA01D48F1ED2557E007A7FBE /* Build configuration list for PBXProject "SaveTheKittens" */ = {
			isa = XCConfigurationList;
			buildConfigurations = (
				EA01D4A41ED2557E007A7FBE /* Debug */,
				EA01D4A51ED2557E007A7FBE /* Release */,
			);
			defaultConfigurationIsVisible = 0;
			defaultConfigurationName = Release;
		};
		EA01D4A61ED2557E007A7FBE /* Build configuration list for PBXNativeTarget "SaveTheKittens" */ = {
			isa = XCConfigurationList;
			buildConfigurations = (
				EA01D4A71ED2557E007A7FBE /* Debug */,
				EA01D4A81ED2557E007A7FBE /* Release */,
			);
			defaultConfigurationIsVisible = 0;
		};
/* End XCConfigurationList section */
	};
	rootObject = EA01D48C1ED2557E007A7FBE /* Project object */;
}
